// !$*UTF8*$!
{
	archiveVersion = 1;
	classes = {
	};
	objectVersion = 46;
	objects = {

/* Begin PBXBuildFile section */
		2230CD9B1763645E0026AA5E /* main.m in Sources */ = {isa = PBXBuildFile; fileRef = 2230CD9A1763645E0026AA5E /* main.m */; };
		2230CD9F176365580026AA5E /* libECCommandLine.a in Frameworks */ = {isa = PBXBuildFile; fileRef = 2230CD9E176365580026AA5E /* libECCommandLine.a */; };
		2230CDA1176365610026AA5E /* libECLogging.a in Frameworks */ = {isa = PBXBuildFile; fileRef = 2230CDA0176365610026AA5E /* libECLogging.a */; };
		225DECCA17649FAF000056F4 /* SaveCommand.m in Sources */ = {isa = PBXBuildFile; fileRef = 225DECC917649F4A000056F4 /* SaveCommand.m */; };
		225DECCC1764A064000056F4 /* libECCore.a in Frameworks */ = {isa = PBXBuildFile; fileRef = 225DECCB1764A064000056F4 /* libECCore.a */; };
		22683E7B1763A3E4006E6295 /* LoadCommand.m in Sources */ = {isa = PBXBuildFile; fileRef = 22683E7A1763A3E4006E6295 /* LoadCommand.m */; };
/* End PBXBuildFile section */

/* Begin PBXCopyFilesBuildPhase section */
		2296290417634FD9008D887F /* CopyFiles */ = {
			isa = PBXCopyFilesBuildPhase;
			buildActionMask = 2147483647;
			dstPath = /usr/share/man/man1/;
			dstSubfolderSpec = 0;
			files = (
			);
			runOnlyForDeploymentPostprocessing = 1;
		};
/* End PBXCopyFilesBuildPhase section */

/* Begin PBXFileReference section */
		2230CD991763645E0026AA5E /* ECCommandLineTest.1 */ = {isa = PBXFileReference; fileEncoding = 4; lastKnownFileType = text.man; path = ECCommandLineTest.1; sourceTree = "<group>"; };
		2230CD9A1763645E0026AA5E /* main.m */ = {isa = PBXFileReference; fileEncoding = 4; lastKnownFileType = sourcecode.c.objc; path = main.m; sourceTree = "<group>"; };
		2230CD9E176365580026AA5E /* libECCommandLine.a */ = {isa = PBXFileReference; lastKnownFileType = archive.ar; path = libECCommandLine.a; sourceTree = BUILT_PRODUCTS_DIR; };
		2230CDA0176365610026AA5E /* libECLogging.a */ = {isa = PBXFileReference; lastKnownFileType = archive.ar; path = libECLogging.a; sourceTree = BUILT_PRODUCTS_DIR; };
		2230CDA917636C750026AA5E /* Cocoa.framework */ = {isa = PBXFileReference; lastKnownFileType = wrapper.framework; name = Cocoa.framework; path = Platforms/MacOSX.platform/Developer/SDKs/MacOSX10.8.sdk/System/Library/Frameworks/Cocoa.framework; sourceTree = DEVELOPER_DIR; };
		225DECC817649F4A000056F4 /* SaveCommand.h */ = {isa = PBXFileReference; lastKnownFileType = sourcecode.c.h; path = SaveCommand.h; sourceTree = "<group>"; };
		225DECC917649F4A000056F4 /* SaveCommand.m */ = {isa = PBXFileReference; lastKnownFileType = sourcecode.c.objc; path = SaveCommand.m; sourceTree = "<group>"; };
		225DECCB1764A064000056F4 /* libECCore.a */ = {isa = PBXFileReference; lastKnownFileType = archive.ar; path = libECCore.a; sourceTree = BUILT_PRODUCTS_DIR; };
		225DECCD1764A0B4000056F4 /* IOKit.framework */ = {isa = PBXFileReference; lastKnownFileType = wrapper.framework; name = IOKit.framework; path = Platforms/MacOSX.platform/Developer/SDKs/MacOSX10.8.sdk/System/Library/Frameworks/IOKit.framework; sourceTree = DEVELOPER_DIR; };
		2260A31015DFD96D0057C9DA /* MacDebug.xcconfig */ = {isa = PBXFileReference; lastKnownFileType = text.xcconfig; path = MacDebug.xcconfig; sourceTree = "<group>"; };
		2260A31115DFD96D0057C9DA /* MacRelease.xcconfig */ = {isa = PBXFileReference; lastKnownFileType = text.xcconfig; path = MacRelease.xcconfig; sourceTree = "<group>"; };
		2260A31215DFD96D0057C9DA /* MacUnitTestDebug.xcconfig */ = {isa = PBXFileReference; lastKnownFileType = text.xcconfig; path = MacUnitTestDebug.xcconfig; sourceTree = "<group>"; };
		2260A31315DFD96D0057C9DA /* MacUnitTestRelease.xcconfig */ = {isa = PBXFileReference; lastKnownFileType = text.xcconfig; path = MacUnitTestRelease.xcconfig; sourceTree = "<group>"; };
		2260A39615DFDC600057C9DA /* Shared.xcconfig */ = {isa = PBXFileReference; lastKnownFileType = text.xcconfig; path = Shared.xcconfig; sourceTree = "<group>"; };
		2260A3AC15DFEF4F0057C9DA /* Info.plist */ = {isa = PBXFileReference; lastKnownFileType = text.plist.xml; name = Info.plist; path = Resources/Info.plist; sourceTree = SOURCE_ROOT; };
		22683E791763A3E4006E6295 /* LoadCommand.h */ = {isa = PBXFileReference; fileEncoding = 4; lastKnownFileType = sourcecode.c.h; path = LoadCommand.h; sourceTree = "<group>"; };
		22683E7A1763A3E4006E6295 /* LoadCommand.m */ = {isa = PBXFileReference; fileEncoding = 4; lastKnownFileType = sourcecode.c.objc; path = LoadCommand.m; sourceTree = "<group>"; };
		226C205C14FBCB8F00D2751B /* Scripts */ = {isa = PBXFileReference; lastKnownFileType = folder; path = Scripts; sourceTree = "<group>"; };
		229628EE176343D2008D887F /* ECCommandLineTestDebug.pch */ = {isa = PBXFileReference; lastKnownFileType = sourcecode.c.h; path = ECCommandLineTestDebug.pch; sourceTree = "<group>"; };
		229628EF176343D2008D887F /* ECCommandLineTestRelease.pch */ = {isa = PBXFileReference; lastKnownFileType = sourcecode.c.h; path = ECCommandLineTestRelease.pch; sourceTree = "<group>"; };
		229628F0176343D2008D887F /* ECCommandLineTestShared.pch */ = {isa = PBXFileReference; lastKnownFileType = sourcecode.c.h; path = ECCommandLineTestShared.pch; sourceTree = "<group>"; };
		2296290617634FD9008D887F /* ECCommandLineTest */ = {isa = PBXFileReference; explicitFileType = "compiled.mach-o.executable"; includeInIndex = 0; path = ECCommandLineTest; sourceTree = BUILT_PRODUCTS_DIR; };
/* End PBXFileReference section */

/* Begin PBXFrameworksBuildPhase section */
		2296290317634FD9008D887F /* Frameworks */ = {
			isa = PBXFrameworksBuildPhase;
			buildActionMask = 2147483647;
			files = (
				225DECCC1764A064000056F4 /* libECCore.a in Frameworks */,
				2230CDA1176365610026AA5E /* libECLogging.a in Frameworks */,
				2230CD9F176365580026AA5E /* libECCommandLine.a in Frameworks */,
			);
			runOnlyForDeploymentPostprocessing = 0;
		};
/* End PBXFrameworksBuildPhase section */

/* Begin PBXGroup section */
		034768DFFF38A50411DB9C8B /* Products */ = {
			isa = PBXGroup;
			children = (
				2296290617634FD9008D887F /* ECCommandLineTest */,
			);
			name = Products;
			sourceTree = "<group>";
		};
		0867D691FE84028FC02AAC07 /* ECFoundation */ = {
			isa = PBXGroup;
			children = (
				2260A30B15DFD8FB0057C9DA /* Source */,
				089C1665FE841158C02AAC07 /* Resources */,
				226C205C14FBCB8F00D2751B /* Scripts */,
				0867D69AFE84028FC02AAC07 /* Frameworks */,
				034768DFFF38A50411DB9C8B /* Products */,
			);
			name = ECFoundation;
			sourceTree = "<group>";
			usesTabs = 1;
		};
		0867D69AFE84028FC02AAC07 /* Frameworks */ = {
			isa = PBXGroup;
			children = (
				225DECCD1764A0B4000056F4 /* IOKit.framework */,
				225DECCB1764A064000056F4 /* libECCore.a */,
				2230CDA917636C750026AA5E /* Cocoa.framework */,
				2230CDA0176365610026AA5E /* libECLogging.a */,
				2230CD9E176365580026AA5E /* libECCommandLine.a */,
			);
			name = Frameworks;
			sourceTree = "<group>";
		};
		089C1665FE841158C02AAC07 /* Resources */ = {
			isa = PBXGroup;
			children = (
				2260A3AC15DFEF4F0057C9DA /* Info.plist */,
			);
			path = Resources;
			sourceTree = "<group>";
		};
		2210B5D41152E630006C6CCA /* Configuration */ = {
			isa = PBXGroup;
			children = (
				2260A31015DFD96D0057C9DA /* MacDebug.xcconfig */,
				2260A31115DFD96D0057C9DA /* MacRelease.xcconfig */,
				2260A31215DFD96D0057C9DA /* MacUnitTestDebug.xcconfig */,
				2260A31315DFD96D0057C9DA /* MacUnitTestRelease.xcconfig */,
				2260A39615DFDC600057C9DA /* Shared.xcconfig */,
			);
			path = Configuration;
			sourceTree = "<group>";
		};
		2260A30B15DFD8FB0057C9DA /* Source */ = {
			isa = PBXGroup;
			children = (
				2210B5D41152E630006C6CCA /* Configuration */,
				22CA557F13DA09FF007E89E2 /* Mac */,
				22728A64124A240500A9881F /* Prefix */,
			);
			path = Source;
			sourceTree = "<group>";
		};
		22728A64124A240500A9881F /* Prefix */ = {
			isa = PBXGroup;
			children = (
				229628EE176343D2008D887F /* ECCommandLineTestDebug.pch */,
				229628EF176343D2008D887F /* ECCommandLineTestRelease.pch */,
				229628F0176343D2008D887F /* ECCommandLineTestShared.pch */,
			);
			path = Prefix;
			sourceTree = "<group>";
		};
		22CA557F13DA09FF007E89E2 /* Mac */ = {
			isa = PBXGroup;
			children = (
				2230CD991763645E0026AA5E /* ECCommandLineTest.1 */,
				2230CD9A1763645E0026AA5E /* main.m */,
				22683E791763A3E4006E6295 /* LoadCommand.h */,
				22683E7A1763A3E4006E6295 /* LoadCommand.m */,
				225DECC817649F4A000056F4 /* SaveCommand.h */,
				225DECC917649F4A000056F4 /* SaveCommand.m */,
			);
			path = Mac;
			sourceTree = "<group>";
		};
/* End PBXGroup section */

/* Begin PBXNativeTarget section */
		2296290517634FD9008D887F /* ECCommandLineTest */ = {
			isa = PBXNativeTarget;
			buildConfigurationList = 2296291117634FDA008D887F /* Build configuration list for PBXNativeTarget "ECCommandLineTest" */;
			buildPhases = (
				2296290217634FD9008D887F /* Sources */,
				2296290317634FD9008D887F /* Frameworks */,
				2296290417634FD9008D887F /* CopyFiles */,
			);
			buildRules = (
			);
			dependencies = (
			);
			name = ECCommandLineTest;
			productName = ECCommandLineTest;
			productReference = 2296290617634FD9008D887F /* ECCommandLineTest */;
			productType = "com.apple.product-type.tool";
		};
/* End PBXNativeTarget section */

/* Begin PBXProject section */
		0867D690FE84028FC02AAC07 /* Project object */ = {
			isa = PBXProject;
			attributes = {
				LastUpgradeCheck = 0450;
				ORGANIZATIONNAME = "Elegant Chaos";
			};
			buildConfigurationList = 1DEB91B108733DA50010E9CD /* Build configuration list for PBXProject "ECCommandLineTest" */;
			compatibilityVersion = "Xcode 3.2";
			developmentRegion = English;
			hasScannedForEncodings = 1;
			knownRegions = (
				English,
				Japanese,
				French,
				German,
				en,
				ec,
			);
			mainGroup = 0867D691FE84028FC02AAC07 /* ECFoundation */;
			productRefGroup = 034768DFFF38A50411DB9C8B /* Products */;
			projectDirPath = "";
			projectRoot = "";
			targets = (
				2296290517634FD9008D887F /* ECCommandLineTest */,
			);
		};
/* End PBXProject section */

/* Begin PBXSourcesBuildPhase section */
		2296290217634FD9008D887F /* Sources */ = {
			isa = PBXSourcesBuildPhase;
			buildActionMask = 2147483647;
			files = (
				2230CD9B1763645E0026AA5E /* main.m in Sources */,
				22683E7B1763A3E4006E6295 /* LoadCommand.m in Sources */,
				225DECCA17649FAF000056F4 /* SaveCommand.m in Sources */,
			);
			runOnlyForDeploymentPostprocessing = 0;
		};
/* End PBXSourcesBuildPhase section */

/* Begin XCBuildConfiguration section */
		1DEB91B208733DA50010E9CD /* Debug */ = {
			isa = XCBuildConfiguration;
			buildSettings = {
				CLANG_ENABLE_OBJC_ARC = YES;
			};
			name = Debug;
		};
		1DEB91B308733DA50010E9CD /* Release */ = {
			isa = XCBuildConfiguration;
			buildSettings = {
				CLANG_ENABLE_OBJC_ARC = YES;
			};
			name = Release;
		};
		2296290F17634FDA008D887F /* Debug */ = {
			isa = XCBuildConfiguration;
			baseConfigurationReference = 2260A31015DFD96D0057C9DA /* MacDebug.xcconfig */;
			buildSettings = {
			};
			name = Debug;
		};
		2296291017634FDA008D887F /* Release */ = {
			isa = XCBuildConfiguration;
			baseConfigurationReference = 2260A31115DFD96D0057C9DA /* MacRelease.xcconfig */;
			buildSettings = {
			};
			name = Release;
		};
/* End XCBuildConfiguration section */

/* Begin XCConfigurationList section */
		1DEB91B108733DA50010E9CD /* Build configuration list for PBXProject "ECCommandLineTest" */ = {
			isa = XCConfigurationList;
			buildConfigurations = (
				1DEB91B208733DA50010E9CD /* Debug */,
				1DEB91B308733DA50010E9CD /* Release */,
			);
			defaultConfigurationIsVisible = 0;
			defaultConfigurationName = Debug;
		};
		2296291117634FDA008D887F /* Build configuration list for PBXNativeTarget "ECCommandLineTest" */ = {
			isa = XCConfigurationList;
			buildConfigurations = (
				2296290F17634FDA008D887F /* Debug */,
				2296291017634FDA008D887F /* Release */,
			);
			defaultConfigurationIsVisible = 0;
			defaultConfigurationName = Debug;
		};
/* End XCConfigurationList section */
	};
	rootObject = 0867D690FE84028FC02AAC07 /* Project object */;
}
